
Microsoft Visual Studio Solution File, Format Version 12.00
# Visual Studio Version 16
VisualStudioVersion = 16.0.28315.86
MinimumVisualStudioVersion = 10.0.40219.1
Project("{2150E333-8FDC-42A3-9474-1A3956D46DE8}") = "Engine", "Engine", "{3E138262-C1C0-407E-BAD3-063217CCBACB}"
EndProject
Project("{2150E333-8FDC-42A3-9474-1A3956D46DE8}") = "Games", "Games", "{ACB4C5A3-63D2-464A-83D7-447799D49225}"
EndProject
Project("{8BC9CEB8-8B4A-11D0-8D11-00A0C91BC942}") = "UE4", "Intermediate\ProjectFiles\UE4.vcxproj", "{F61B51D1-D926-4FEA-A688-6161974785EC}"
EndProject
Project("{8BC9CEB8-8B4A-11D0-8D11-00A0C91BC942}") = "BuildingEscape", "Intermediate\ProjectFiles\BuildingEscape.vcxproj", "{3DE03275-5395-4153-92E4-EC4F9AF972C3}"
EndProject
Project("{2150E333-8FDC-42A3-9474-1A3956D46DE8}") = "Visualizers", "Visualizers", "{2B5C77A2-60A0-4AD1-B6B2-A4EBC054D43A}"
	ProjectSection(SolutionItems) = preProject
		..\..\..\..\..\..\..\Program Files\Epic Games\UE_4.23\Engine\Extras\VisualStudioDebugging\UE4.natvis = ..\..\..\..\..\..\..\Program Files\Epic Games\UE_4.23\Engine\Extras\VisualStudioDebugging\UE4.natvis
	EndProjectSection
EndProject
Global
	GlobalSection(SolutionConfigurationPlatforms) = preSolution
		DebugGame Editor|HTML5 = DebugGame Editor|HTML5
		DebugGame Editor|Win32 = DebugGame Editor|Win32
		DebugGame Editor|Win64 = DebugGame Editor|Win64
		DebugGame|HTML5 = DebugGame|HTML5
		DebugGame|Win32 = DebugGame|Win32
		DebugGame|Win64 = DebugGame|Win64
		Development Editor|HTML5 = Development Editor|HTML5
		Development Editor|Win32 = Development Editor|Win32
		Development Editor|Win64 = Development Editor|Win64
		Development|HTML5 = Development|HTML5
		Development|Win32 = Development|Win32
		Development|Win64 = Development|Win64
		Shipping|HTML5 = Shipping|HTML5
		Shipping|Win32 = Shipping|Win32
		Shipping|Win64 = Shipping|Win64
	EndGlobalSection
	GlobalSection(ProjectConfigurationPlatforms) = postSolution
		{F61B51D1-D926-4FEA-A688-6161974785EC}.DebugGame Editor|HTML5.ActiveCfg = BuiltWithUnrealBuildTool|Win32
		{F61B51D1-D926-4FEA-A688-6161974785EC}.DebugGame Editor|Win32.ActiveCfg = BuiltWithUnrealBuildTool|Win32
		{F61B51D1-D926-4FEA-A688-6161974785EC}.DebugGame Editor|Win64.ActiveCfg = BuiltWithUnrealBuildTool|Win32
		{F61B51D1-D926-4FEA-A688-6161974785EC}.DebugGame|HTML5.ActiveCfg = BuiltWithUnrealBuildTool|Win32
		{F61B51D1-D926-4FEA-A688-6161974785EC}.DebugGame|Win32.ActiveCfg = BuiltWithUnrealBuildTool|Win32
		{F61B51D1-D926-4FEA-A688-6161974785EC}.DebugGame|Win64.ActiveCfg = BuiltWithUnrealBuildTool|Win32
		{F61B51D1-D926-4FEA-A688-6161974785EC}.Development Editor|HTML5.ActiveCfg = BuiltWithUnrealBuildTool|Win32
		{F61B51D1-D926-4FEA-A688-6161974785EC}.Development Editor|Win32.ActiveCfg = BuiltWithUnrealBuildTool|Win32
		{F61B51D1-D926-4FEA-A688-6161974785EC}.Development Editor|Win64.ActiveCfg = BuiltWithUnrealBuildTool|Win32
		{F61B51D1-D926-4FEA-A688-6161974785EC}.Development|HTML5.ActiveCfg = BuiltWithUnrealBuildTool|Win32
		{F61B51D1-D926-4FEA-A688-6161974785EC}.Development|Win32.ActiveCfg = BuiltWithUnrealBuildTool|Win32
		{F61B51D1-D926-4FEA-A688-6161974785EC}.Development|Win64.ActiveCfg = BuiltWithUnrealBuildTool|Win32
		{F61B51D1-D926-4FEA-A688-6161974785EC}.Shipping|HTML5.ActiveCfg = BuiltWithUnrealBuildTool|Win32
		{F61B51D1-D926-4FEA-A688-6161974785EC}.Shipping|Win32.ActiveCfg = BuiltWithUnrealBuildTool|Win32
		{F61B51D1-D926-4FEA-A688-6161974785EC}.Shipping|Win64.ActiveCfg = BuiltWithUnrealBuildTool|Win32
		{3DE03275-5395-4153-92E4-EC4F9AF972C3}.DebugGame Editor|HTML5.ActiveCfg = Invalid|Win32
		{3DE03275-5395-4153-92E4-EC4F9AF972C3}.DebugGame Editor|Win32.ActiveCfg = Invalid|Win32
		{3DE03275-5395-4153-92E4-EC4F9AF972C3}.DebugGame Editor|Win64.ActiveCfg = DebugGame_Editor|x64
		{3DE03275-5395-4153-92E4-EC4F9AF972C3}.DebugGame Editor|Win64.Build.0 = DebugGame_Editor|x64
		{3DE03275-5395-4153-92E4-EC4F9AF972C3}.DebugGame|HTML5.ActiveCfg = HTML5_DebugGame|Win32
		{3DE03275-5395-4153-92E4-EC4F9AF972C3}.DebugGame|HTML5.Build.0 = HTML5_DebugGame|Win32
		{3DE03275-5395-4153-92E4-EC4F9AF972C3}.DebugGame|Win32.ActiveCfg = DebugGame|Win32
		{3DE03275-5395-4153-92E4-EC4F9AF972C3}.DebugGame|Win32.Build.0 = DebugGame|Win32
		{3DE03275-5395-4153-92E4-EC4F9AF972C3}.DebugGame|Win64.ActiveCfg = DebugGame|x64
		{3DE03275-5395-4153-92E4-EC4F9AF972C3}.DebugGame|Win64.Build.0 = DebugGame|x64
		{3DE03275-5395-4153-92E4-EC4F9AF972C3}.Development Editor|HTML5.ActiveCfg = Invalid|Win32
		{3DE03275-5395-4153-92E4-EC4F9AF972C3}.Development Editor|Win32.ActiveCfg = Invalid|Win32
		{3DE03275-5395-4153-92E4-EC4F9AF972C3}.Development Editor|Win64.ActiveCfg = Development_Editor|x64
		{3DE03275-5395-4153-92E4-EC4F9AF972C3}.Development Editor|Win64.Build.0 = Development_Editor|x64
		{3DE03275-5395-4153-92E4-EC4F9AF972C3}.Development|HTML5.ActiveCfg = HTML5_Development|Win32
		{3DE03275-5395-4153-92E4-EC4F9AF972C3}.Development|HTML5.Build.0 = HTML5_Development|Win32
		{3DE03275-5395-4153-92E4-EC4F9AF972C3}.Development|Win32.ActiveCfg = Development|Win32
		{3DE03275-5395-4153-92E4-EC4F9AF972C3}.Development|Win32.Build.0 = Development|Win32
		{3DE03275-5395-4153-92E4-EC4F9AF972C3}.Development|Win64.ActiveCfg = Development|x64
		{3DE03275-5395-4153-92E4-EC4F9AF972C3}.Development|Win64.Build.0 = Development|x64
		{3DE03275-5395-4153-92E4-EC4F9AF972C3}.Shipping|HTML5.ActiveCfg = HTML5_Shipping|Win32
		{3DE03275-5395-4153-92E4-EC4F9AF972C3}.Shipping|HTML5.Build.0 = HTML5_Shipping|Win32
		{3DE03275-5395-4153-92E4-EC4F9AF972C3}.Shipping|Win32.ActiveCfg = Shipping|Win32
		{3DE03275-5395-4153-92E4-EC4F9AF972C3}.Shipping|Win32.Build.0 = Shipping|Win32
		{3DE03275-5395-4153-92E4-EC4F9AF972C3}.Shipping|Win64.ActiveCfg = Shipping|x64
		{3DE03275-5395-4153-92E4-EC4F9AF972C3}.Shipping|Win64.Build.0 = Shipping|x64
	EndGlobalSection
	GlobalSection(SolutionProperties) = preSolution
		HideSolutionNode = FALSE
	EndGlobalSection
	GlobalSection(NestedProjects) = preSolution
		{F61B51D1-D926-4FEA-A688-6161974785EC} = {3E138262-C1C0-407E-BAD3-063217CCBACB}
		{3DE03275-5395-4153-92E4-EC4F9AF972C3} = {ACB4C5A3-63D2-464A-83D7-447799D49225}
	EndGlobalSection
EndGlobal
